
Microsoft Visual Studio Solution File, Format Version 12.00
# Visual Studio 15
VisualStudioVersion = 15.0.28307.705
MinimumVisualStudioVersion = 10.0.40219.1
Project("{FAE04EC0-301F-11D3-BF4B-00C04F79EFBC}") = "RegisterationApplication", "RegisterationApplication\RegisterationApplication.csproj", "{9C13F48A-4EF4-4A0F-960F-03D2F471798C}"
EndProject
Global
	GlobalSection(SolutionConfigurationPlatforms) = preSolution
		Debug|Any CPU = Debug|Any CPU
		Release|Any CPU = Release|Any CPU
	EndGlobalSection
	GlobalSection(ProjectConfigurationPlatforms) = postSolution
		{9C13F48A-4EF4-4A0F-960F-03D2F471798C}.Debug|Any CPU.ActiveCfg = Debug|Any CPU
		{9C13F48A-4EF4-4A0F-960F-03D2F471798C}.Debug|Any CPU.Build.0 = Debug|Any CPU
		{9C13F48A-4EF4-4A0F-960F-03D2F471798C}.Release|Any CPU.ActiveCfg = Release|Any CPU
		{9C13F48A-4EF4-4A0F-960F-03D2F471798C}.Release|Any CPU.Build.0 = Release|Any CPU
	EndGlobalSection
	GlobalSection(SolutionProperties) = preSolution
		HideSolutionNode = FALSE
	EndGlobalSection
	GlobalSection(ExtensibilityGlobals) = postSolution
		SolutionGuid = {9FB6D53A-95B2-452C-B9C3-1891E889F89D}
	EndGlobalSection
EndGlobal
